
Microsoft Visual Studio Solution File, Format Version 12.00
# Visual Studio Version 16
VisualStudioVersion = 16.0.29613.14
MinimumVisualStudioVersion = 10.0.40219.1
Project("{FAE04EC0-301F-11D3-BF4B-00C04F79EFBC}") = "Xamar Notes.Android", "Xamar Notes\Xamar Notes.Android\Xamar Notes.Android.csproj", "{62079344-4587-4508-8507-B035A07B938D}"
EndProject
Project("{FAE04EC0-301F-11D3-BF4B-00C04F79EFBC}") = "Xamar Notes", "Xamar Notes\Xamar Notes\Xamar Notes.csproj", "{FBAF221A-3017-42F3-AED2-1B292BA2FDA8}"
EndProject
Global
	GlobalSection(SolutionConfigurationPlatforms) = preSolution
		Debug|Any CPU = Debug|Any CPU
		Debug|iPhone = Debug|iPhone
		Debug|iPhoneSimulator = Debug|iPhoneSimulator
		Release|Any CPU = Release|Any CPU
		Release|iPhone = Release|iPhone
		Release|iPhoneSimulator = Release|iPhoneSimulator
	EndGlobalSection
	GlobalSection(ProjectConfigurationPlatforms) = postSolution
		{62079344-4587-4508-8507-B035A07B938D}.Debug|Any CPU.ActiveCfg = Debug|Any CPU
		{62079344-4587-4508-8507-B035A07B938D}.Debug|Any CPU.Build.0 = Debug|Any CPU
		{62079344-4587-4508-8507-B035A07B938D}.Debug|Any CPU.Deploy.0 = Debug|Any CPU
		{62079344-4587-4508-8507-B035A07B938D}.Debug|iPhone.ActiveCfg = Debug|Any CPU
		{62079344-4587-4508-8507-B035A07B938D}.Debug|iPhone.Build.0 = Debug|Any CPU
		{62079344-4587-4508-8507-B035A07B938D}.Debug|iPhone.Deploy.0 = Debug|Any CPU
		{62079344-4587-4508-8507-B035A07B938D}.Debug|iPhoneSimulator.ActiveCfg = Debug|Any CPU
		{62079344-4587-4508-8507-B035A07B938D}.Debug|iPhoneSimulator.Build.0 = Debug|Any CPU
		{62079344-4587-4508-8507-B035A07B938D}.Debug|iPhoneSimulator.Deploy.0 = Debug|Any CPU
		{62079344-4587-4508-8507-B035A07B938D}.Release|Any CPU.ActiveCfg = Release|Any CPU
		{62079344-4587-4508-8507-B035A07B938D}.Release|Any CPU.Build.0 = Release|Any CPU
		{62079344-4587-4508-8507-B035A07B938D}.Release|Any CPU.Deploy.0 = Release|Any CPU
		{62079344-4587-4508-8507-B035A07B938D}.Release|iPhone.ActiveCfg = Release|Any CPU
		{62079344-4587-4508-8507-B035A07B938D}.Release|iPhone.Build.0 = Release|Any CPU
		{62079344-4587-4508-8507-B035A07B938D}.Release|iPhone.Deploy.0 = Release|Any CPU
		{62079344-4587-4508-8507-B035A07B938D}.Release|iPhoneSimulator.ActiveCfg = Release|Any CPU
		{62079344-4587-4508-8507-B035A07B938D}.Release|iPhoneSimulator.Build.0 = Release|Any CPU
		{62079344-4587-4508-8507-B035A07B938D}.Release|iPhoneSimulator.Deploy.0 = Release|Any CPU
		{FBAF221A-3017-42F3-AED2-1B292BA2FDA8}.Debug|Any CPU.ActiveCfg = Debug|Any CPU
		{FBAF221A-3017-42F3-AED2-1B292BA2FDA8}.Debug|Any CPU.Build.0 = Debug|Any CPU
		{FBAF221A-3017-42F3-AED2-1B292BA2FDA8}.Debug|Any CPU.Deploy.0 = Debug|Any CPU
		{FBAF221A-3017-42F3-AED2-1B292BA2FDA8}.Debug|iPhone.ActiveCfg = Debug|Any CPU
		{FBAF221A-3017-42F3-AED2-1B292BA2FDA8}.Debug|iPhone.Build.0 = Debug|Any CPU
		{FBAF221A-3017-42F3-AED2-1B292BA2FDA8}.Debug|iPhone.Deploy.0 = Debug|Any CPU
		{FBAF221A-3017-42F3-AED2-1B292BA2FDA8}.Debug|iPhoneSimulator.ActiveCfg = Debug|Any CPU
		{FBAF221A-3017-42F3-AED2-1B292BA2FDA8}.Debug|iPhoneSimulator.Build.0 = Debug|Any CPU
		{FBAF221A-3017-42F3-AED2-1B292BA2FDA8}.Debug|iPhoneSimulator.Deploy.0 = Debug|Any CPU
		{FBAF221A-3017-42F3-AED2-1B292BA2FDA8}.Release|Any CPU.ActiveCfg = Release|Any CPU
		{FBAF221A-3017-42F3-AED2-1B292BA2FDA8}.Release|Any CPU.Build.0 = Release|Any CPU
		{FBAF221A-3017-42F3-AED2-1B292BA2FDA8}.Release|Any CPU.Deploy.0 = Release|Any CPU
		{FBAF221A-3017-42F3-AED2-1B292BA2FDA8}.Release|iPhone.ActiveCfg = Release|Any CPU
		{FBAF221A-3017-42F3-AED2-1B292BA2FDA8}.Release|iPhone.Build.0 = Release|Any CPU
		{FBAF221A-3017-42F3-AED2-1B292BA2FDA8}.Release|iPhone.Deploy.0 = Release|Any CPU
		{FBAF221A-3017-42F3-AED2-1B292BA2FDA8}.Release|iPhoneSimulator.ActiveCfg = Release|Any CPU
		{FBAF221A-3017-42F3-AED2-1B292BA2FDA8}.Release|iPhoneSimulator.Build.0 = Release|Any CPU
		{FBAF221A-3017-42F3-AED2-1B292BA2FDA8}.Release|iPhoneSimulator.Deploy.0 = Release|Any CPU
	EndGlobalSection
	GlobalSection(SolutionProperties) = preSolution
		HideSolutionNode = FALSE
	EndGlobalSection
	GlobalSection(ExtensibilityGlobals) = postSolution
		SolutionGuid = {AE5F17DB-9BA5-4678-8F7A-3EE4A27DA93E}
	EndGlobalSection
EndGlobal
